
Microsoft Visual Studio Solution File, Format Version 12.00
# Visual Studio Version 17
VisualStudioVersion = 17.2.32519.379
MinimumVisualStudioVersion = 10.0.40219.1
Project("{2150E333-8FDC-42A3-9474-1A3956D46DE8}") = "Solution Items", "Solution Items", "{D71BDC48-50CD-4C5F-8728-3EC4E0FB3174}"
	ProjectSection(SolutionItems) = preProject
		RunDebug.bat = RunDebug.bat
		RunRelease.bat = RunRelease.bat
	EndProjectSection
EndProject
Project("{9A19103F-16F7-4668-BE54-9A1E7A4F7556}") = "Launcher", "Launcher\Launcher.csproj", "{7A17220F-FA5B-4B23-B5A6-68110E7423A7}"
EndProject
Project("{9A19103F-16F7-4668-BE54-9A1E7A4F7556}") = "JDClasses", "JDClasses\JDClasses.csproj", "{DBEEE899-4C1E-4DEA-AECA-51A99B2E90FD}"
EndProject
Global
	GlobalSection(SolutionConfigurationPlatforms) = preSolution
		Debug|Any CPU = Debug|Any CPU
		Debug|x86 = Debug|x86
		Release|Any CPU = Release|Any CPU
		Release|x86 = Release|x86
	EndGlobalSection
	GlobalSection(ProjectConfigurationPlatforms) = postSolution
		{7A17220F-FA5B-4B23-B5A6-68110E7423A7}.Debug|Any CPU.ActiveCfg = Debug|Any CPU
		{7A17220F-FA5B-4B23-B5A6-68110E7423A7}.Debug|Any CPU.Build.0 = Debug|Any CPU
		{7A17220F-FA5B-4B23-B5A6-68110E7423A7}.Debug|x86.ActiveCfg = Debug|Any CPU
		{7A17220F-FA5B-4B23-B5A6-68110E7423A7}.Debug|x86.Build.0 = Debug|Any CPU
		{7A17220F-FA5B-4B23-B5A6-68110E7423A7}.Release|Any CPU.ActiveCfg = Release|Any CPU
		{7A17220F-FA5B-4B23-B5A6-68110E7423A7}.Release|Any CPU.Build.0 = Release|Any CPU
		{7A17220F-FA5B-4B23-B5A6-68110E7423A7}.Release|x86.ActiveCfg = Release|Any CPU
		{7A17220F-FA5B-4B23-B5A6-68110E7423A7}.Release|x86.Build.0 = Release|Any CPU
		{DBEEE899-4C1E-4DEA-AECA-51A99B2E90FD}.Debug|Any CPU.ActiveCfg = Debug|Any CPU
		{DBEEE899-4C1E-4DEA-AECA-51A99B2E90FD}.Debug|Any CPU.Build.0 = Debug|Any CPU
		{DBEEE899-4C1E-4DEA-AECA-51A99B2E90FD}.Debug|x86.ActiveCfg = Debug|Any CPU
		{DBEEE899-4C1E-4DEA-AECA-51A99B2E90FD}.Debug|x86.Build.0 = Debug|Any CPU
		{DBEEE899-4C1E-4DEA-AECA-51A99B2E90FD}.Release|Any CPU.ActiveCfg = Release|Any CPU
		{DBEEE899-4C1E-4DEA-AECA-51A99B2E90FD}.Release|Any CPU.Build.0 = Release|Any CPU
		{DBEEE899-4C1E-4DEA-AECA-51A99B2E90FD}.Release|x86.ActiveCfg = Release|Any CPU
		{DBEEE899-4C1E-4DEA-AECA-51A99B2E90FD}.Release|x86.Build.0 = Release|Any CPU
	EndGlobalSection
	GlobalSection(SolutionProperties) = preSolution
		HideSolutionNode = FALSE
	EndGlobalSection
	GlobalSection(ExtensibilityGlobals) = postSolution
		SolutionGuid = {55D68D29-27DE-4B83-949F-C9AEC1834008}
	EndGlobalSection
EndGlobal
